// !$*UTF8*$!
{
	archiveVersion = 1;
	classes = {
	};
	objectVersion = 55;
	objects = {

/* Begin PBXBuildFile section */
		763762012860F45E0017D3B1 /* ListItemScreen.swift in Sources */ = {isa = PBXBuildFile; fileRef = 763762002860F45E0017D3B1 /* ListItemScreen.swift */; };
		763762032860FEA30017D3B1 /* UIKitLabel.swift in Sources */ = {isa = PBXBuildFile; fileRef = 763762022860FEA30017D3B1 /* UIKitLabel.swift */; };
		76836DCF285FA1F000B886C3 /* FirstAppApp.swift in Sources */ = {isa = PBXBuildFile; fileRef = 76836DCE285FA1F000B886C3 /* FirstAppApp.swift */; };
		76836DD1285FA1F000B886C3 /* ContentView.swift in Sources */ = {isa = PBXBuildFile; fileRef = 76836DD0285FA1F000B886C3 /* ContentView.swift */; };
		76836DD3285FA1F100B886C3 /* Assets.xcassets in Resources */ = {isa = PBXBuildFile; fileRef = 76836DD2285FA1F100B886C3 /* Assets.xcassets */; };
		76836DD6285FA1F100B886C3 /* Preview Assets.xcassets in Resources */ = {isa = PBXBuildFile; fileRef = 76836DD5285FA1F100B886C3 /* Preview Assets.xcassets */; };
		76836DE0285FA33400B886C3 /* ButtonScreen.swift in Sources */ = {isa = PBXBuildFile; fileRef = 76836DDF285FA33400B886C3 /* ButtonScreen.swift */; };
		76836DE3285FA65B00B886C3 /* ListScreen.swift in Sources */ = {isa = PBXBuildFile; fileRef = 76836DE2285FA65B00B886C3 /* ListScreen.swift */; };
		76836DE5285FA6B900B886C3 /* ListViewModel.swift in Sources */ = {isa = PBXBuildFile; fileRef = 76836DE4285FA6B900B886C3 /* ListViewModel.swift */; };
		76836DEA285FAA5E00B886C3 /* ModalScreen.swift in Sources */ = {isa = PBXBuildFile; fileRef = 76836DE9285FAA5E00B886C3 /* ModalScreen.swift */; };
		76836DEC285FAB1200B886C3 /* SheetView.swift in Sources */ = {isa = PBXBuildFile; fileRef = 76836DEB285FAB1200B886C3 /* SheetView.swift */; };
/* End PBXBuildFile section */

/* Begin PBXFileReference section */
		763762002860F45E0017D3B1 /* ListItemScreen.swift */ = {isa = PBXFileReference; lastKnownFileType = sourcecode.swift; path = ListItemScreen.swift; sourceTree = "<group>"; };
		763762022860FEA30017D3B1 /* UIKitLabel.swift */ = {isa = PBXFileReference; lastKnownFileType = sourcecode.swift; path = UIKitLabel.swift; sourceTree = "<group>"; };
		76836DCB285FA1F000B886C3 /* FirstApp.app */ = {isa = PBXFileReference; explicitFileType = wrapper.application; includeInIndex = 0; path = FirstApp.app; sourceTree = BUILT_PRODUCTS_DIR; };
		76836DCE285FA1F000B886C3 /* FirstAppApp.swift */ = {isa = PBXFileReference; lastKnownFileType = sourcecode.swift; path = FirstAppApp.swift; sourceTree = "<group>"; };
		76836DD0285FA1F000B886C3 /* ContentView.swift */ = {isa = PBXFileReference; lastKnownFileType = sourcecode.swift; path = ContentView.swift; sourceTree = "<group>"; };
		76836DD2285FA1F100B886C3 /* Assets.xcassets */ = {isa = PBXFileReference; lastKnownFileType = folder.assetcatalog; path = Assets.xcassets; sourceTree = "<group>"; };
		76836DD5285FA1F100B886C3 /* Preview Assets.xcassets */ = {isa = PBXFileReference; lastKnownFileType = folder.assetcatalog; path = "Preview Assets.xcassets"; sourceTree = "<group>"; };
		76836DDF285FA33400B886C3 /* ButtonScreen.swift */ = {isa = PBXFileReference; lastKnownFileType = sourcecode.swift; path = ButtonScreen.swift; sourceTree = "<group>"; };
		76836DE2285FA65B00B886C3 /* ListScreen.swift */ = {isa = PBXFileReference; lastKnownFileType = sourcecode.swift; path = ListScreen.swift; sourceTree = "<group>"; };
		76836DE4285FA6B900B886C3 /* ListViewModel.swift */ = {isa = PBXFileReference; lastKnownFileType = sourcecode.swift; path = ListViewModel.swift; sourceTree = "<group>"; };
		76836DE9285FAA5E00B886C3 /* ModalScreen.swift */ = {isa = PBXFileReference; lastKnownFileType = sourcecode.swift; path = ModalScreen.swift; sourceTree = "<group>"; };
		76836DEB285FAB1200B886C3 /* SheetView.swift */ = {isa = PBXFileReference; lastKnownFileType = sourcecode.swift; path = SheetView.swift; sourceTree = "<group>"; };
/* End PBXFileReference section */

/* Begin PBXFrameworksBuildPhase section */
		76836DC8285FA1F000B886C3 /* Frameworks */ = {
			isa = PBXFrameworksBuildPhase;
			buildActionMask = 2147483647;
			files = (
			);
			runOnlyForDeploymentPostprocessing = 0;
		};
/* End PBXFrameworksBuildPhase section */

/* Begin PBXGroup section */
		76836DC2285FA1F000B886C3 = {
			isa = PBXGroup;
			children = (
				76836DCD285FA1F000B886C3 /* FirstApp */,
				76836DCC285FA1F000B886C3 /* Products */,
			);
			sourceTree = "<group>";
		};
		76836DCC285FA1F000B886C3 /* Products */ = {
			isa = PBXGroup;
			children = (
				76836DCB285FA1F000B886C3 /* FirstApp.app */,
			);
			name = Products;
			sourceTree = "<group>";
		};
		76836DCD285FA1F000B886C3 /* FirstApp */ = {
			isa = PBXGroup;
			children = (
				76836DCE285FA1F000B886C3 /* FirstAppApp.swift */,
				76836DD0285FA1F000B886C3 /* ContentView.swift */,
				76836DDC285FA30600B886C3 /* 0_Button */,
				76836DE1285FA63A00B886C3 /* 1_List */,
				76836DE6285FAA2E00B886C3 /* 2_ModalScreen */,
				76836DD2285FA1F100B886C3 /* Assets.xcassets */,
				76836DD4285FA1F100B886C3 /* Preview Content */,
			);
			path = FirstApp;
			sourceTree = "<group>";
		};
		76836DD4285FA1F100B886C3 /* Preview Content */ = {
			isa = PBXGroup;
			children = (
				76836DD5285FA1F100B886C3 /* Preview Assets.xcassets */,
			);
			path = "Preview Content";
			sourceTree = "<group>";
		};
		76836DDC285FA30600B886C3 /* 0_Button */ = {
			isa = PBXGroup;
			children = (
				76836DDF285FA33400B886C3 /* ButtonScreen.swift */,
				763762022860FEA30017D3B1 /* UIKitLabel.swift */,
			);
			path = 0_Button;
			sourceTree = "<group>";
		};
		76836DE1285FA63A00B886C3 /* 1_List */ = {
			isa = PBXGroup;
			children = (
				76836DE2285FA65B00B886C3 /* ListScreen.swift */,
				76836DE4285FA6B900B886C3 /* ListViewModel.swift */,
				763762002860F45E0017D3B1 /* ListItemScreen.swift */,
			);
			path = 1_List;
			sourceTree = "<group>";
		};
		76836DE6285FAA2E00B886C3 /* 2_ModalScreen */ = {
			isa = PBXGroup;
			children = (
				76836DE9285FAA5E00B886C3 /* ModalScreen.swift */,
				76836DEB285FAB1200B886C3 /* SheetView.swift */,
			);
			path = 2_ModalScreen;
			sourceTree = "<group>";
		};
/* End PBXGroup section */

/* Begin PBXNativeTarget section */
		76836DCA285FA1F000B886C3 /* FirstApp */ = {
			isa = PBXNativeTarget;
			buildConfigurationList = 76836DD9285FA1F100B886C3 /* Build configuration list for PBXNativeTarget "FirstApp" */;
			buildPhases = (
				76836DC7285FA1F000B886C3 /* Sources */,
				76836DC8285FA1F000B886C3 /* Frameworks */,
				76836DC9285FA1F000B886C3 /* Resources */,
			);
			buildRules = (
			);
			dependencies = (
			);
			name = FirstApp;
			productName = FirstApp;
			productReference = 76836DCB285FA1F000B886C3 /* FirstApp.app */;
			productType = "com.apple.product-type.application";
		};
/* End PBXNativeTarget section */

/* Begin PBXProject section */
		76836DC3285FA1F000B886C3 /* Project object */ = {
			isa = PBXProject;
			attributes = {
				BuildIndependentTargetsInParallel = 1;
				LastSwiftUpdateCheck = 1340;
				LastUpgradeCheck = 1340;
				TargetAttributes = {
					76836DCA285FA1F000B886C3 = {
						CreatedOnToolsVersion = 13.4.1;
					};
				};
			};
			buildConfigurationList = 76836DC6285FA1F000B886C3 /* Build configuration list for PBXProject "FirstApp" */;
			compatibilityVersion = "Xcode 13.0";
			developmentRegion = en;
			hasScannedForEncodings = 0;
			knownRegions = (
				en,
				Base,
			);
			mainGroup = 76836DC2285FA1F000B886C3;
			productRefGroup = 76836DCC285FA1F000B886C3 /* Products */;
			projectDirPath = "";
			projectRoot = "";
			targets = (
				76836DCA285FA1F000B886C3 /* FirstApp */,
			);
		};
/* End PBXProject section */

/* Begin PBXResourcesBuildPhase section */
		76836DC9285FA1F000B886C3 /* Resources */ = {
			isa = PBXResourcesBuildPhase;
			buildActionMask = 2147483647;
			files = (
				76836DD6285FA1F100B886C3 /* Preview Assets.xcassets in Resources */,
				76836DD3285FA1F100B886C3 /* Assets.xcassets in Resources */,
			);
			runOnlyForDeploymentPostprocessing = 0;
		};
/* End PBXResourcesBuildPhase section */

/* Begin PBXSourcesBuildPhase section */
		76836DC7285FA1F000B886C3 /* Sources */ = {
			isa = PBXSourcesBuildPhase;
			buildActionMask = 2147483647;
			files = (
				76836DE5285FA6B900B886C3 /* ListViewModel.swift in Sources */,
				76836DEC285FAB1200B886C3 /* SheetView.swift in Sources */,
				763762012860F45E0017D3B1 /* ListItemScreen.swift in Sources */,
				763762032860FEA30017D3B1 /* UIKitLabel.swift in Sources */,
				76836DD1285FA1F000B886C3 /* ContentView.swift in Sources */,
				76836DE0285FA33400B886C3 /* ButtonScreen.swift in Sources */,
				76836DEA285FAA5E00B886C3 /* ModalScreen.swift in Sources */,
				76836DCF285FA1F000B886C3 /* FirstAppApp.swift in Sources */,
				76836DE3285FA65B00B886C3 /* ListScreen.swift in Sources */,
			);
			runOnlyForDeploymentPostprocessing = 0;
		};
/* End PBXSourcesBuildPhase section */

/* Begin XCBuildConfiguration section */
		76836DD7285FA1F100B886C3 /* Debug */ = {
			isa = XCBuildConfiguration;
			buildSettings = {
				ALWAYS_SEARCH_USER_PATHS = NO;
				CLANG_ANALYZER_NONNULL = YES;
				CLANG_ANALYZER_NUMBER_OBJECT_CONVERSION = YES_AGGRESSIVE;
				CLANG_CXX_LANGUAGE_STANDARD = "gnu++17";
				CLANG_ENABLE_MODULES = YES;
				CLANG_ENABLE_OBJC_ARC = YES;
				CLANG_ENABLE_OBJC_WEAK = YES;
				CLANG_WARN_BLOCK_CAPTURE_AUTORELEASING = YES;
				CLANG_WARN_BOOL_CONVERSION = YES;
				CLANG_WARN_COMMA = YES;
				CLANG_WARN_CONSTANT_CONVERSION = YES;
				CLANG_WARN_DEPRECATED_OBJC_IMPLEMENTATIONS = YES;
				CLANG_WARN_DIRECT_OBJC_ISA_USAGE = YES_ERROR;
				CLANG_WARN_DOCUMENTATION_COMMENTS = YES;
				CLANG_WARN_EMPTY_BODY = YES;
				CLANG_WARN_ENUM_CONVERSION = YES;
				CLANG_WARN_INFINITE_RECURSION = YES;
				CLANG_WARN_INT_CONVERSION = YES;
				CLANG_WARN_NON_LITERAL_NULL_CONVERSION = YES;
				CLANG_WARN_OBJC_IMPLICIT_RETAIN_SELF = YES;
				CLANG_WARN_OBJC_LITERAL_CONVERSION = YES;
				CLANG_WARN_OBJC_ROOT_CLASS = YES_ERROR;
				CLANG_WARN_QUOTED_INCLUDE_IN_FRAMEWORK_HEADER = YES;
				CLANG_WARN_RANGE_LOOP_ANALYSIS = YES;
				CLANG_WARN_STRICT_PROTOTYPES = YES;
				CLANG_WARN_SUSPICIOUS_MOVE = YES;
				CLANG_WARN_UNGUARDED_AVAILABILITY = YES_AGGRESSIVE;
				CLANG_WARN_UNREACHABLE_CODE = YES;
				CLANG_WARN__DUPLICATE_METHOD_MATCH = YES;
				COPY_PHASE_STRIP = NO;
				DEBUG_INFORMATION_FORMAT = dwarf;
				ENABLE_STRICT_OBJC_MSGSEND = YES;
				ENABLE_TESTABILITY = YES;
				GCC_C_LANGUAGE_STANDARD = gnu11;
				GCC_DYNAMIC_NO_PIC = NO;
				GCC_NO_COMMON_BLOCKS = YES;
				GCC_OPTIMIZATION_LEVEL = 0;
				GCC_PREPROCESSOR_DEFINITIONS = (
					"DEBUG=1",
					"$(inherited)",
				);
				GCC_WARN_64_TO_32_BIT_CONVERSION = YES;
				GCC_WARN_ABOUT_RETURN_TYPE = YES_ERROR;
				GCC_WARN_UNDECLARED_SELECTOR = YES;
				GCC_WARN_UNINITIALIZED_AUTOS = YES_AGGRESSIVE;
				GCC_WARN_UNUSED_FUNCTION = YES;
				GCC_WARN_UNUSED_VARIABLE = YES;
				IPHONEOS_DEPLOYMENT_TARGET = 15.5;
				MTL_ENABLE_DEBUG_INFO = INCLUDE_SOURCE;
				MTL_FAST_MATH = YES;
				ONLY_ACTIVE_ARCH = YES;
				SDKROOT = iphoneos;
				SWIFT_ACTIVE_COMPILATION_CONDITIONS = DEBUG;
				SWIFT_OPTIMIZATION_LEVEL = "-Onone";
			};
			name = Debug;
		};
		76836DD8285FA1F100B886C3 /* Release */ = {
			isa = XCBuildConfiguration;
			buildSettings = {
				ALWAYS_SEARCH_USER_PATHS = NO;
				CLANG_ANALYZER_NONNULL = YES;
				CLANG_ANALYZER_NUMBER_OBJECT_CONVERSION = YES_AGGRESSIVE;
				CLANG_CXX_LANGUAGE_STANDARD = "gnu++17";
				CLANG_ENABLE_MODULES = YES;
				CLANG_ENABLE_OBJC_ARC = YES;
				CLANG_ENABLE_OBJC_WEAK = YES;
				CLANG_WARN_BLOCK_CAPTURE_AUTORELEASING = YES;
				CLANG_WARN_BOOL_CONVERSION = YES;
				CLANG_WARN_COMMA = YES;
				CLANG_WARN_CONSTANT_CONVERSION = YES;
				CLANG_WARN_DEPRECATED_OBJC_IMPLEMENTATIONS = YES;
				CLANG_WARN_DIRECT_OBJC_ISA_USAGE = YES_ERROR;
				CLANG_WARN_DOCUMENTATION_COMMENTS = YES;
				CLANG_WARN_EMPTY_BODY = YES;
				CLANG_WARN_ENUM_CONVERSION = YES;
				CLANG_WARN_INFINITE_RECURSION = YES;
				CLANG_WARN_INT_CONVERSION = YES;
				CLANG_WARN_NON_LITERAL_NULL_CONVERSION = YES;
				CLANG_WARN_OBJC_IMPLICIT_RETAIN_SELF = YES;
				CLANG_WARN_OBJC_LITERAL_CONVERSION = YES;
				CLANG_WARN_OBJC_ROOT_CLASS = YES_ERROR;
				CLANG_WARN_QUOTED_INCLUDE_IN_FRAMEWORK_HEADER = YES;
				CLANG_WARN_RANGE_LOOP_ANALYSIS = YES;
				CLANG_WARN_STRICT_PROTOTYPES = YES;
				CLANG_WARN_SUSPICIOUS_MOVE = YES;
				CLANG_WARN_UNGUARDED_AVAILABILITY = YES_AGGRESSIVE;
				CLANG_WARN_UNREACHABLE_CODE = YES;
				CLANG_WARN__DUPLICATE_METHOD_MATCH = YES;
				COPY_PHASE_STRIP = NO;
				DEBUG_INFORMATION_FORMAT = "dwarf-with-dsym";
				ENABLE_NS_ASSERTIONS = NO;
				ENABLE_STRICT_OBJC_MSGSEND = YES;
				GCC_C_LANGUAGE_STANDARD = gnu11;
				GCC_NO_COMMON_BLOCKS = YES;
				GCC_WARN_64_TO_32_BIT_CONVERSION = YES;
				GCC_WARN_ABOUT_RETURN_TYPE = YES_ERROR;
				GCC_WARN_UNDECLARED_SELECTOR = YES;
				GCC_WARN_UNINITIALIZED_AUTOS = YES_AGGRESSIVE;
				GCC_WARN_UNUSED_FUNCTION = YES;
				GCC_WARN_UNUSED_VARIABLE = YES;
				IPHONEOS_DEPLOYMENT_TARGET = 15.5;
				MTL_ENABLE_DEBUG_INFO = NO;
				MTL_FAST_MATH = YES;
				SDKROOT = iphoneos;
				SWIFT_COMPILATION_MODE = wholemodule;
				SWIFT_OPTIMIZATION_LEVEL = "-O";
				VALIDATE_PRODUCT = YES;
			};
			name = Release;
		};
		76836DDA285FA1F100B886C3 /* Debug */ = {
			isa = XCBuildConfiguration;
			buildSettings = {
				ASSETCATALOG_COMPILER_APPICON_NAME = AppIcon;
				ASSETCATALOG_COMPILER_GLOBAL_ACCENT_COLOR_NAME = AccentColor;
				CODE_SIGN_STYLE = Automatic;
				CURRENT_PROJECT_VERSION = 1;
				DEVELOPMENT_ASSET_PATHS = "\"FirstApp/Preview Content\"";
				DEVELOPMENT_TEAM = U6V2AU849T;
				ENABLE_PREVIEWS = YES;
				GENERATE_INFOPLIST_FILE = YES;
				INFOPLIST_KEY_UIApplicationSceneManifest_Generation = YES;
				INFOPLIST_KEY_UIApplicationSupportsIndirectInputEvents = YES;
				INFOPLIST_KEY_UILaunchScreen_Generation = YES;
				INFOPLIST_KEY_UISupportedInterfaceOrientations_iPad = "UIInterfaceOrientationPortrait UIInterfaceOrientationPortraitUpsideDown UIInterfaceOrientationLandscapeLeft UIInterfaceOrientationLandscapeRight";
				INFOPLIST_KEY_UISupportedInterfaceOrientations_iPhone = "UIInterfaceOrientationPortrait UIInterfaceOrientationLandscapeLeft UIInterfaceOrientationLandscapeRight";
				LD_RUNPATH_SEARCH_PATHS = (
					"$(inherited)",
					"@executable_path/Frameworks",
				);
				MARKETING_VERSION = 1.0;
				PRODUCT_BUNDLE_IDENTIFIER = vladislavklimov.FirstApp;
				PRODUCT_NAME = "$(TARGET_NAME)";
				SWIFT_EMIT_LOC_STRINGS = YES;
				SWIFT_VERSION = 5.0;
				TARGETED_DEVICE_FAMILY = "1,2";
			};
			name = Debug;
		};
		76836DDB285FA1F100B886C3 /* Release */ = {
			isa = XCBuildConfiguration;
			buildSettings = {
				ASSETCATALOG_COMPILER_APPICON_NAME = AppIcon;
				ASSETCATALOG_COMPILER_GLOBAL_ACCENT_COLOR_NAME = AccentColor;
				CODE_SIGN_STYLE = Automatic;
				CURRENT_PROJECT_VERSION = 1;
				DEVELOPMENT_ASSET_PATHS = "\"FirstApp/Preview Content\"";
				DEVELOPMENT_TEAM = U6V2AU849T;
				ENABLE_PREVIEWS = YES;
				GENERATE_INFOPLIST_FILE = YES;
				INFOPLIST_KEY_UIApplicationSceneManifest_Generation = YES;
				INFOPLIST_KEY_UIApplicationSupportsIndirectInputEvents = YES;
				INFOPLIST_KEY_UILaunchScreen_Generation = YES;
				INFOPLIST_KEY_UISupportedInterfaceOrientations_iPad = "UIInterfaceOrientationPortrait UIInterfaceOrientationPortraitUpsideDown UIInterfaceOrientationLandscapeLeft UIInterfaceOrientationLandscapeRight";
				INFOPLIST_KEY_UISupportedInterfaceOrientations_iPhone = "UIInterfaceOrientationPortrait UIInterfaceOrientationLandscapeLeft UIInterfaceOrientationLandscapeRight";
				LD_RUNPATH_SEARCH_PATHS = (
					"$(inherited)",
					"@executable_path/Frameworks",
				);
				MARKETING_VERSION = 1.0;
				PRODUCT_BUNDLE_IDENTIFIER = vladislavklimov.FirstApp;
				PRODUCT_NAME = "$(TARGET_NAME)";
				SWIFT_EMIT_LOC_STRINGS = YES;
				SWIFT_VERSION = 5.0;
				TARGETED_DEVICE_FAMILY = "1,2";
			};
			name = Release;
		};
/* End XCBuildConfiguration section */

/* Begin XCConfigurationList section */
		76836DC6285FA1F000B886C3 /* Build configuration list for PBXProject "FirstApp" */ = {
			isa = XCConfigurationList;
			buildConfigurations = (
				76836DD7285FA1F100B886C3 /* Debug */,
				76836DD8285FA1F100B886C3 /* Release */,
			);
			defaultConfigurationIsVisible = 0;
			defaultConfigurationName = Release;
		};
		76836DD9285FA1F100B886C3 /* Build configuration list for PBXNativeTarget "FirstApp" */ = {
			isa = XCConfigurationList;
			buildConfigurations = (
				76836DDA285FA1F100B886C3 /* Debug */,
				76836DDB285FA1F100B886C3 /* Release */,
			);
			defaultConfigurationIsVisible = 0;
			defaultConfigurationName = Release;
		};
/* End XCConfigurationList section */
	};
	rootObject = 76836DC3285FA1F000B886C3 /* Project object */;
}
